
Microsoft Visual Studio Solution File, Format Version 12.00
Project("{FAE04EC0-301F-11D3-BF4B-00C04F79EFBC}") = "TowerOfHanoi", "TowerOfHanoi\TowerOfHanoi.csproj", "{F186218D-E56E-410B-8997-D6D9A7C7468C}"
EndProject
Global
	GlobalSection(SolutionConfigurationPlatforms) = preSolution
		Debug|Any CPU = Debug|Any CPU
		Release|Any CPU = Release|Any CPU
	EndGlobalSection
	GlobalSection(ProjectConfigurationPlatforms) = postSolution
		{F186218D-E56E-410B-8997-D6D9A7C7468C}.Debug|Any CPU.ActiveCfg = Debug|Any CPU
		{F186218D-E56E-410B-8997-D6D9A7C7468C}.Debug|Any CPU.Build.0 = Debug|Any CPU
		{F186218D-E56E-410B-8997-D6D9A7C7468C}.Release|Any CPU.ActiveCfg = Release|Any CPU
		{F186218D-E56E-410B-8997-D6D9A7C7468C}.Release|Any CPU.Build.0 = Release|Any CPU
	EndGlobalSection
EndGlobal
